
Microsoft Visual Studio Solution File, Format Version 11.00
# Visual Studio 2010
Project("{8BC9CEB8-8B4A-11D0-8D11-00A0C91BC942}") = "Euler_003", "Euler_003\Euler_003.vcxproj", "{E4F045A4-EDD6-4875-8BC1-B7E4108347AF}"
EndProject
Global
	GlobalSection(SolutionConfigurationPlatforms) = preSolution
		Debug|Win32 = Debug|Win32
		Release|Win32 = Release|Win32
	EndGlobalSection
	GlobalSection(ProjectConfigurationPlatforms) = postSolution
		{E4F045A4-EDD6-4875-8BC1-B7E4108347AF}.Debug|Win32.ActiveCfg = Debug|Win32
		{E4F045A4-EDD6-4875-8BC1-B7E4108347AF}.Debug|Win32.Build.0 = Debug|Win32
		{E4F045A4-EDD6-4875-8BC1-B7E4108347AF}.Release|Win32.ActiveCfg = Release|Win32
		{E4F045A4-EDD6-4875-8BC1-B7E4108347AF}.Release|Win32.Build.0 = Release|Win32
	EndGlobalSection
	GlobalSection(SolutionProperties) = preSolution
		HideSolutionNode = FALSE
	EndGlobalSection
EndGlobal
